
Microsoft Visual Studio Solution File, Format Version 12.00
# Visual Studio Version 17
VisualStudioVersion = 17.2.32630.192
MinimumVisualStudioVersion = 10.0.40219.1
Project("{9A19103F-16F7-4668-BE54-9A1E7A4F7556}") = "F10Y.L0040.Construction", "F10Y.L0040.Construction\F10Y.L0040.Construction.csproj", "{B1DEA2EC-15B9-4A26-921D-9C746F7DB8EC}"
EndProject
Project("{9A19103F-16F7-4668-BE54-9A1E7A4F7556}") = "F10Y.L0040", "F10Y.L0040\F10Y.L0040.csproj", "{C29ECBCA-2599-4169-A621-1A266DE8733B}"
EndProject
Global
	GlobalSection(SolutionConfigurationPlatforms) = preSolution
		Debug|Any CPU = Debug|Any CPU
		Release|Any CPU = Release|Any CPU
	EndGlobalSection
	GlobalSection(ProjectConfigurationPlatforms) = postSolution
		{B1DEA2EC-15B9-4A26-921D-9C746F7DB8EC}.Debug|Any CPU.ActiveCfg = Debug|Any CPU
		{B1DEA2EC-15B9-4A26-921D-9C746F7DB8EC}.Debug|Any CPU.Build.0 = Debug|Any CPU
		{B1DEA2EC-15B9-4A26-921D-9C746F7DB8EC}.Release|Any CPU.ActiveCfg = Release|Any CPU
		{B1DEA2EC-15B9-4A26-921D-9C746F7DB8EC}.Release|Any CPU.Build.0 = Release|Any CPU
		{C29ECBCA-2599-4169-A621-1A266DE8733B}.Debug|Any CPU.ActiveCfg = Debug|Any CPU
		{C29ECBCA-2599-4169-A621-1A266DE8733B}.Debug|Any CPU.Build.0 = Debug|Any CPU
		{C29ECBCA-2599-4169-A621-1A266DE8733B}.Release|Any CPU.ActiveCfg = Release|Any CPU
		{C29ECBCA-2599-4169-A621-1A266DE8733B}.Release|Any CPU.Build.0 = Release|Any CPU
	EndGlobalSection
	GlobalSection(SolutionProperties) = preSolution
		HideSolutionNode = FALSE
	EndGlobalSection
	GlobalSection(ExtensibilityGlobals) = postSolution
		SolutionGuid = {D026E15D-FC82-4D51-9792-4DEDDA036AEE}
	EndGlobalSection
EndGlobal
